// !$*UTF8*$!
{
	archiveVersion = 1;
	classes = {
	};
	objectVersion = 50;
	objects = {

/* Begin PBXBuildFile section */
		902E6B3226B6951B002D7D8C /* AppDelegate.swift in Sources */ = {isa = PBXBuildFile; fileRef = 902E6B3126B6951B002D7D8C /* AppDelegate.swift */; };
		902E6B3626B6951D002D7D8C /* Assets.xcassets in Resources */ = {isa = PBXBuildFile; fileRef = 902E6B3526B6951D002D7D8C /* Assets.xcassets */; };
		902E6B3926B6951D002D7D8C /* Preview Assets.xcassets in Resources */ = {isa = PBXBuildFile; fileRef = 902E6B3826B6951D002D7D8C /* Preview Assets.xcassets */; };
		902E6B3C26B6951D002D7D8C /* Main.storyboard in Resources */ = {isa = PBXBuildFile; fileRef = 902E6B3A26B6951D002D7D8C /* Main.storyboard */; };
		902E6B4726B695B3002D7D8C /* UnicodeTexController.swift in Sources */ = {isa = PBXBuildFile; fileRef = 902E6B4626B695B3002D7D8C /* UnicodeTexController.swift */; };
		902E6B4926B695F2002D7D8C /* Install.swift in Sources */ = {isa = PBXBuildFile; fileRef = 902E6B4826B695F2002D7D8C /* Install.swift */; };
/* End PBXBuildFile section */

/* Begin PBXFileReference section */
		902E6B2E26B6951B002D7D8C /* UnicodeTeX.app */ = {isa = PBXFileReference; explicitFileType = wrapper.application; includeInIndex = 0; path = UnicodeTeX.app; sourceTree = BUILT_PRODUCTS_DIR; };
		902E6B3126B6951B002D7D8C /* AppDelegate.swift */ = {isa = PBXFileReference; lastKnownFileType = sourcecode.swift; path = AppDelegate.swift; sourceTree = "<group>"; };
		902E6B3526B6951D002D7D8C /* Assets.xcassets */ = {isa = PBXFileReference; lastKnownFileType = folder.assetcatalog; path = Assets.xcassets; sourceTree = "<group>"; };
		902E6B3826B6951D002D7D8C /* Preview Assets.xcassets */ = {isa = PBXFileReference; lastKnownFileType = folder.assetcatalog; path = "Preview Assets.xcassets"; sourceTree = "<group>"; };
		902E6B3B26B6951D002D7D8C /* Base */ = {isa = PBXFileReference; lastKnownFileType = file.storyboard; name = Base; path = Base.lproj/Main.storyboard; sourceTree = "<group>"; };
		902E6B3D26B6951D002D7D8C /* Info.plist */ = {isa = PBXFileReference; lastKnownFileType = text.plist.xml; path = Info.plist; sourceTree = "<group>"; };
		902E6B3E26B6951D002D7D8C /* UnicodeTeX.entitlements */ = {isa = PBXFileReference; lastKnownFileType = text.plist.entitlements; path = UnicodeTeX.entitlements; sourceTree = "<group>"; };
		902E6B4626B695B3002D7D8C /* UnicodeTexController.swift */ = {isa = PBXFileReference; lastKnownFileType = sourcecode.swift; path = UnicodeTexController.swift; sourceTree = "<group>"; };
		902E6B4826B695F2002D7D8C /* Install.swift */ = {isa = PBXFileReference; lastKnownFileType = sourcecode.swift; path = Install.swift; sourceTree = "<group>"; };
/* End PBXFileReference section */

/* Begin PBXFrameworksBuildPhase section */
		902E6B2B26B6951B002D7D8C /* Frameworks */ = {
			isa = PBXFrameworksBuildPhase;
			buildActionMask = 2147483647;
			files = (
			);
			runOnlyForDeploymentPostprocessing = 0;
		};
/* End PBXFrameworksBuildPhase section */

/* Begin PBXGroup section */
		902E6B2526B6951B002D7D8C = {
			isa = PBXGroup;
			children = (
				902E6B3026B6951B002D7D8C /* UnicodeTeX */,
				902E6B2F26B6951B002D7D8C /* Products */,
			);
			sourceTree = "<group>";
		};
		902E6B2F26B6951B002D7D8C /* Products */ = {
			isa = PBXGroup;
			children = (
				902E6B2E26B6951B002D7D8C /* UnicodeTeX.app */,
			);
			name = Products;
			sourceTree = "<group>";
		};
		902E6B3026B6951B002D7D8C /* UnicodeTeX */ = {
			isa = PBXGroup;
			children = (
				902E6B3126B6951B002D7D8C /* AppDelegate.swift */,
				902E6B4826B695F2002D7D8C /* Install.swift */,
				902E6B4626B695B3002D7D8C /* UnicodeTexController.swift */,
				902E6B3526B6951D002D7D8C /* Assets.xcassets */,
				902E6B3A26B6951D002D7D8C /* Main.storyboard */,
				902E6B3D26B6951D002D7D8C /* Info.plist */,
				902E6B3E26B6951D002D7D8C /* UnicodeTeX.entitlements */,
				902E6B3726B6951D002D7D8C /* Preview Content */,
			);
			path = UnicodeTeX;
			sourceTree = "<group>";
		};
		902E6B3726B6951D002D7D8C /* Preview Content */ = {
			isa = PBXGroup;
			children = (
				902E6B3826B6951D002D7D8C /* Preview Assets.xcassets */,
			);
			path = "Preview Content";
			sourceTree = "<group>";
		};
/* End PBXGroup section */

/* Begin PBXNativeTarget section */
		902E6B2D26B6951B002D7D8C /* UnicodeTeX */ = {
			isa = PBXNativeTarget;
			buildConfigurationList = 902E6B4126B6951D002D7D8C /* Build configuration list for PBXNativeTarget "UnicodeTeX" */;
			buildPhases = (
				902E6B2A26B6951B002D7D8C /* Sources */,
				902E6B2B26B6951B002D7D8C /* Frameworks */,
				902E6B2C26B6951B002D7D8C /* Resources */,
			);
			buildRules = (
			);
			dependencies = (
			);
			name = UnicodeTeX;
			productName = UnicodeTeX;
			productReference = 902E6B2E26B6951B002D7D8C /* UnicodeTeX.app */;
			productType = "com.apple.product-type.application";
		};
/* End PBXNativeTarget section */

/* Begin PBXProject section */
		902E6B2626B6951B002D7D8C /* Project object */ = {
			isa = PBXProject;
			attributes = {
				LastSwiftUpdateCheck = 1250;
				LastUpgradeCheck = 1250;
				TargetAttributes = {
					902E6B2D26B6951B002D7D8C = {
						CreatedOnToolsVersion = 12.5.1;
					};
				};
			};
			buildConfigurationList = 902E6B2926B6951B002D7D8C /* Build configuration list for PBXProject "UnicodeTeX" */;
			compatibilityVersion = "Xcode 9.3";
			developmentRegion = en;
			hasScannedForEncodings = 0;
			knownRegions = (
				en,
				Base,
			);
			mainGroup = 902E6B2526B6951B002D7D8C;
			productRefGroup = 902E6B2F26B6951B002D7D8C /* Products */;
			projectDirPath = "";
			projectRoot = "";
			targets = (
				902E6B2D26B6951B002D7D8C /* UnicodeTeX */,
			);
		};
/* End PBXProject section */

/* Begin PBXResourcesBuildPhase section */
		902E6B2C26B6951B002D7D8C /* Resources */ = {
			isa = PBXResourcesBuildPhase;
			buildActionMask = 2147483647;
			files = (
				902E6B3C26B6951D002D7D8C /* Main.storyboard in Resources */,
				902E6B3926B6951D002D7D8C /* Preview Assets.xcassets in Resources */,
				902E6B3626B6951D002D7D8C /* Assets.xcassets in Resources */,
			);
			runOnlyForDeploymentPostprocessing = 0;
		};
/* End PBXResourcesBuildPhase section */

/* Begin PBXSourcesBuildPhase section */
		902E6B2A26B6951B002D7D8C /* Sources */ = {
			isa = PBXSourcesBuildPhase;
			buildActionMask = 2147483647;
			files = (
				902E6B3226B6951B002D7D8C /* AppDelegate.swift in Sources */,
				902E6B4726B695B3002D7D8C /* UnicodeTexController.swift in Sources */,
				902E6B4926B695F2002D7D8C /* Install.swift in Sources */,
			);
			runOnlyForDeploymentPostprocessing = 0;
		};
/* End PBXSourcesBuildPhase section */

/* Begin PBXVariantGroup section */
		902E6B3A26B6951D002D7D8C /* Main.storyboard */ = {
			isa = PBXVariantGroup;
			children = (
				902E6B3B26B6951D002D7D8C /* Base */,
			);
			name = Main.storyboard;
			sourceTree = "<group>";
		};
/* End PBXVariantGroup section */

/* Begin XCBuildConfiguration section */
		902E6B3F26B6951D002D7D8C /* Debug */ = {
			isa = XCBuildConfiguration;
			buildSettings = {
				ALWAYS_SEARCH_USER_PATHS = NO;
				CLANG_ANALYZER_NONNULL = YES;
				CLANG_ANALYZER_NUMBER_OBJECT_CONVERSION = YES_AGGRESSIVE;
				CLANG_CXX_LANGUAGE_STANDARD = "gnu++14";
				CLANG_CXX_LIBRARY = "libc++";
				CLANG_ENABLE_MODULES = YES;
				CLANG_ENABLE_OBJC_ARC = YES;
				CLANG_ENABLE_OBJC_WEAK = YES;
				CLANG_WARN_BLOCK_CAPTURE_AUTORELEASING = YES;
				CLANG_WARN_BOOL_CONVERSION = YES;
				CLANG_WARN_COMMA = YES;
				CLANG_WARN_CONSTANT_CONVERSION = YES;
				CLANG_WARN_DEPRECATED_OBJC_IMPLEMENTATIONS = YES;
				CLANG_WARN_DIRECT_OBJC_ISA_USAGE = YES_ERROR;
				CLANG_WARN_DOCUMENTATION_COMMENTS = YES;
				CLANG_WARN_EMPTY_BODY = YES;
				CLANG_WARN_ENUM_CONVERSION = YES;
				CLANG_WARN_INFINITE_RECURSION = YES;
				CLANG_WARN_INT_CONVERSION = YES;
				CLANG_WARN_NON_LITERAL_NULL_CONVERSION = YES;
				CLANG_WARN_OBJC_IMPLICIT_RETAIN_SELF = YES;
				CLANG_WARN_OBJC_LITERAL_CONVERSION = YES;
				CLANG_WARN_OBJC_ROOT_CLASS = YES_ERROR;
				CLANG_WARN_QUOTED_INCLUDE_IN_FRAMEWORK_HEADER = YES;
				CLANG_WARN_RANGE_LOOP_ANALYSIS = YES;
				CLANG_WARN_STRICT_PROTOTYPES = YES;
				CLANG_WARN_SUSPICIOUS_MOVE = YES;
				CLANG_WARN_UNGUARDED_AVAILABILITY = YES_AGGRESSIVE;
				CLANG_WARN_UNREACHABLE_CODE = YES;
				CLANG_WARN__DUPLICATE_METHOD_MATCH = YES;
				COPY_PHASE_STRIP = NO;
				DEBUG_INFORMATION_FORMAT = dwarf;
				ENABLE_STRICT_OBJC_MSGSEND = YES;
				ENABLE_TESTABILITY = YES;
				GCC_C_LANGUAGE_STANDARD = gnu11;
				GCC_DYNAMIC_NO_PIC = NO;
				GCC_NO_COMMON_BLOCKS = YES;
				GCC_OPTIMIZATION_LEVEL = 0;
				GCC_PREPROCESSOR_DEFINITIONS = (
					"DEBUG=1",
					"$(inherited)",
				);
				GCC_WARN_64_TO_32_BIT_CONVERSION = YES;
				GCC_WARN_ABOUT_RETURN_TYPE = YES_ERROR;
				GCC_WARN_UNDECLARED_SELECTOR = YES;
				GCC_WARN_UNINITIALIZED_AUTOS = YES_AGGRESSIVE;
				GCC_WARN_UNUSED_FUNCTION = YES;
				GCC_WARN_UNUSED_VARIABLE = YES;
				MACOSX_DEPLOYMENT_TARGET = 11.2;
				MTL_ENABLE_DEBUG_INFO = INCLUDE_SOURCE;
				MTL_FAST_MATH = YES;
				ONLY_ACTIVE_ARCH = YES;
				SDKROOT = macosx;
				SWIFT_ACTIVE_COMPILATION_CONDITIONS = DEBUG;
				SWIFT_OPTIMIZATION_LEVEL = "-Onone";
			};
			name = Debug;
		};
		902E6B4026B6951D002D7D8C /* Release */ = {
			isa = XCBuildConfiguration;
			buildSettings = {
				ALWAYS_SEARCH_USER_PATHS = NO;
				CLANG_ANALYZER_NONNULL = YES;
				CLANG_ANALYZER_NUMBER_OBJECT_CONVERSION = YES_AGGRESSIVE;
				CLANG_CXX_LANGUAGE_STANDARD = "gnu++14";
				CLANG_CXX_LIBRARY = "libc++";
				CLANG_ENABLE_MODULES = YES;
				CLANG_ENABLE_OBJC_ARC = YES;
				CLANG_ENABLE_OBJC_WEAK = YES;
				CLANG_WARN_BLOCK_CAPTURE_AUTORELEASING = YES;
				CLANG_WARN_BOOL_CONVERSION = YES;
				CLANG_WARN_COMMA = YES;
				CLANG_WARN_CONSTANT_CONVERSION = YES;
				CLANG_WARN_DEPRECATED_OBJC_IMPLEMENTATIONS = YES;
				CLANG_WARN_DIRECT_OBJC_ISA_USAGE = YES_ERROR;
				CLANG_WARN_DOCUMENTATION_COMMENTS = YES;
				CLANG_WARN_EMPTY_BODY = YES;
				CLANG_WARN_ENUM_CONVERSION = YES;
				CLANG_WARN_INFINITE_RECURSION = YES;
				CLANG_WARN_INT_CONVERSION = YES;
				CLANG_WARN_NON_LITERAL_NULL_CONVERSION = YES;
				CLANG_WARN_OBJC_IMPLICIT_RETAIN_SELF = YES;
				CLANG_WARN_OBJC_LITERAL_CONVERSION = YES;
				CLANG_WARN_OBJC_ROOT_CLASS = YES_ERROR;
				CLANG_WARN_QUOTED_INCLUDE_IN_FRAMEWORK_HEADER = YES;
				CLANG_WARN_RANGE_LOOP_ANALYSIS = YES;
				CLANG_WARN_STRICT_PROTOTYPES = YES;
				CLANG_WARN_SUSPICIOUS_MOVE = YES;
				CLANG_WARN_UNGUARDED_AVAILABILITY = YES_AGGRESSIVE;
				CLANG_WARN_UNREACHABLE_CODE = YES;
				CLANG_WARN__DUPLICATE_METHOD_MATCH = YES;
				COPY_PHASE_STRIP = NO;
				DEBUG_INFORMATION_FORMAT = "dwarf-with-dsym";
				ENABLE_NS_ASSERTIONS = NO;
				ENABLE_STRICT_OBJC_MSGSEND = YES;
				GCC_C_LANGUAGE_STANDARD = gnu11;
				GCC_NO_COMMON_BLOCKS = YES;
				GCC_WARN_64_TO_32_BIT_CONVERSION = YES;
				GCC_WARN_ABOUT_RETURN_TYPE = YES_ERROR;
				GCC_WARN_UNDECLARED_SELECTOR = YES;
				GCC_WARN_UNINITIALIZED_AUTOS = YES_AGGRESSIVE;
				GCC_WARN_UNUSED_FUNCTION = YES;
				GCC_WARN_UNUSED_VARIABLE = YES;
				MACOSX_DEPLOYMENT_TARGET = 11.2;
				MTL_ENABLE_DEBUG_INFO = NO;
				MTL_FAST_MATH = YES;
				SDKROOT = macosx;
				SWIFT_COMPILATION_MODE = wholemodule;
				SWIFT_OPTIMIZATION_LEVEL = "-O";
			};
			name = Release;
		};
		902E6B4226B6951D002D7D8C /* Debug */ = {
			isa = XCBuildConfiguration;
			buildSettings = {
				ASSETCATALOG_COMPILER_APPICON_NAME = AppIcon;
				ASSETCATALOG_COMPILER_GLOBAL_ACCENT_COLOR_NAME = AccentColor;
				CODE_SIGN_ENTITLEMENTS = UnicodeTeX/UnicodeTeX.entitlements;
				CODE_SIGN_STYLE = Automatic;
				COMBINE_HIDPI_IMAGES = YES;
				DEVELOPMENT_ASSET_PATHS = "\"UnicodeTeX/Preview Content\"";
				ENABLE_PREVIEWS = YES;
				INFOPLIST_FILE = UnicodeTeX/Info.plist;
				LD_RUNPATH_SEARCH_PATHS = (
					"$(inherited)",
					"@executable_path/../Frameworks",
				);
				MACOSX_DEPLOYMENT_TARGET = 10.15;
				PRODUCT_BUNDLE_IDENTIFIER = moe.kkshinkai.UnicodeTeX;
				PRODUCT_NAME = "$(TARGET_NAME)";
				SWIFT_VERSION = 5.0;
			};
			name = Debug;
		};
		902E6B4326B6951D002D7D8C /* Release */ = {
			isa = XCBuildConfiguration;
			buildSettings = {
				ASSETCATALOG_COMPILER_APPICON_NAME = AppIcon;
				ASSETCATALOG_COMPILER_GLOBAL_ACCENT_COLOR_NAME = AccentColor;
				CODE_SIGN_ENTITLEMENTS = UnicodeTeX/UnicodeTeX.entitlements;
				CODE_SIGN_STYLE = Automatic;
				COMBINE_HIDPI_IMAGES = YES;
				DEVELOPMENT_ASSET_PATHS = "\"UnicodeTeX/Preview Content\"";
				ENABLE_PREVIEWS = YES;
				INFOPLIST_FILE = UnicodeTeX/Info.plist;
				LD_RUNPATH_SEARCH_PATHS = (
					"$(inherited)",
					"@executable_path/../Frameworks",
				);
				MACOSX_DEPLOYMENT_TARGET = 10.15;
				PRODUCT_BUNDLE_IDENTIFIER = moe.kkshinkai.UnicodeTeX;
				PRODUCT_NAME = "$(TARGET_NAME)";
				SWIFT_VERSION = 5.0;
			};
			name = Release;
		};
/* End XCBuildConfiguration section */

/* Begin XCConfigurationList section */
		902E6B2926B6951B002D7D8C /* Build configuration list for PBXProject "UnicodeTeX" */ = {
			isa = XCConfigurationList;
			buildConfigurations = (
				902E6B3F26B6951D002D7D8C /* Debug */,
				902E6B4026B6951D002D7D8C /* Release */,
			);
			defaultConfigurationIsVisible = 0;
			defaultConfigurationName = Release;
		};
		902E6B4126B6951D002D7D8C /* Build configuration list for PBXNativeTarget "UnicodeTeX" */ = {
			isa = XCConfigurationList;
			buildConfigurations = (
				902E6B4226B6951D002D7D8C /* Debug */,
				902E6B4326B6951D002D7D8C /* Release */,
			);
			defaultConfigurationIsVisible = 0;
			defaultConfigurationName = Release;
		};
/* End XCConfigurationList section */
	};
	rootObject = 902E6B2626B6951B002D7D8C /* Project object */;
}
